
Microsoft Visual Studio Solution File, Format Version 12.00
# Visual Studio Version 17
VisualStudioVersion = 17.2.32210.308
MinimumVisualStudioVersion = 10.0.40219.1
Project("{FAE04EC0-301F-11D3-BF4B-00C04F79EFBC}") = "BattagliaNavale_5H_Gruppo4", "BattagliaNavale_5H_Gruppo4\BattagliaNavale_5H_Gruppo4.csproj", "{B2A9699A-6DEA-4247-9787-A35C560CC338}"
EndProject
Global
	GlobalSection(SolutionConfigurationPlatforms) = preSolution
		Debug|Any CPU = Debug|Any CPU
		Release|Any CPU = Release|Any CPU
	EndGlobalSection
	GlobalSection(ProjectConfigurationPlatforms) = postSolution
		{B2A9699A-6DEA-4247-9787-A35C560CC338}.Debug|Any CPU.ActiveCfg = Debug|Any CPU
		{B2A9699A-6DEA-4247-9787-A35C560CC338}.Debug|Any CPU.Build.0 = Debug|Any CPU
		{B2A9699A-6DEA-4247-9787-A35C560CC338}.Release|Any CPU.ActiveCfg = Release|Any CPU
		{B2A9699A-6DEA-4247-9787-A35C560CC338}.Release|Any CPU.Build.0 = Release|Any CPU
	EndGlobalSection
	GlobalSection(SolutionProperties) = preSolution
		HideSolutionNode = FALSE
	EndGlobalSection
	GlobalSection(ExtensibilityGlobals) = postSolution
		SolutionGuid = {CB568E74-D095-4347-B055-562592E30EC6}
	EndGlobalSection
EndGlobal
